
Microsoft Visual Studio Solution File, Format Version 12.00
# Visual Studio Version 16
VisualStudioVersion = 16.0.32602.291
MinimumVisualStudioVersion = 10.0.40219.1
Project("{FAE04EC0-301F-11D3-BF4B-00C04F79EFBC}") = "Onboarding1", "Onboarding1\Onboarding1.csproj", "{42F9E73B-AAB7-45E2-AE58-66C1F1AD140B}"
EndProject
Global
	GlobalSection(SolutionConfigurationPlatforms) = preSolution
		Debug|Any CPU = Debug|Any CPU
		Release|Any CPU = Release|Any CPU
	EndGlobalSection
	GlobalSection(ProjectConfigurationPlatforms) = postSolution
		{42F9E73B-AAB7-45E2-AE58-66C1F1AD140B}.Debug|Any CPU.ActiveCfg = Debug|Any CPU
		{42F9E73B-AAB7-45E2-AE58-66C1F1AD140B}.Debug|Any CPU.Build.0 = Debug|Any CPU
		{42F9E73B-AAB7-45E2-AE58-66C1F1AD140B}.Release|Any CPU.ActiveCfg = Release|Any CPU
		{42F9E73B-AAB7-45E2-AE58-66C1F1AD140B}.Release|Any CPU.Build.0 = Release|Any CPU
	EndGlobalSection
	GlobalSection(SolutionProperties) = preSolution
		HideSolutionNode = FALSE
	EndGlobalSection
	GlobalSection(ExtensibilityGlobals) = postSolution
		SolutionGuid = {D9EB3D2C-52D5-4B09-9641-6186857ABACC}
	EndGlobalSection
EndGlobal
